// !$*UTF8*$!
{
	archiveVersion = 1;
	classes = {
	};
	objectVersion = 55;
	objects = {

/* Begin PBXBuildFile section */
		2A58FDD69F40A2B67BB1CCF4 /* Pods_Collections.framework in Frameworks */ = {isa = PBXBuildFile; fileRef = 4FC7FB891F6176F9363A97BB /* Pods_Collections.framework */; };
		970436A6271951C30027E747 /* ResultLabel.swift in Sources */ = {isa = PBXBuildFile; fileRef = 970436A5271951C30027E747 /* ResultLabel.swift */; };
		97117E102718409F001AAEEF /* CustomButton.swift in Sources */ = {isa = PBXBuildFile; fileRef = 97117E0F2718409F001AAEEF /* CustomButton.swift */; };
		97117E13271864A8001AAEEF /* CardButton.swift in Sources */ = {isa = PBXBuildFile; fileRef = 97117E12271864A8001AAEEF /* CardButton.swift */; };
		97117E1627186A0F001AAEEF /* SetViewController + UIElementsConfiguration.swift in Sources */ = {isa = PBXBuildFile; fileRef = 97117E1527186A0F001AAEEF /* SetViewController + UIElementsConfiguration.swift */; };
		97254796271CF37E009B59DC /* String + Extension.swift in Sources */ = {isa = PBXBuildFile; fileRef = 97254795271CF37E009B59DC /* String + Extension.swift */; };
		97254798271CF39F009B59DC /* DictionaryViewController + Configuration.swift in Sources */ = {isa = PBXBuildFile; fileRef = 97254797271CF39F009B59DC /* DictionaryViewController + Configuration.swift */; };
		9725479A271CF3C5009B59DC /* DictionaryViewController + UICollectionViewDataSource.swift in Sources */ = {isa = PBXBuildFile; fileRef = 97254799271CF3C5009B59DC /* DictionaryViewController + UICollectionViewDataSource.swift */; };
		9725479C271CF3E6009B59DC /* DictionaryModel + fetchData.swift in Sources */ = {isa = PBXBuildFile; fileRef = 9725479B271CF3E6009B59DC /* DictionaryModel + fetchData.swift */; };
		9725479F271CF41B009B59DC /* DictionaryVCollectionViewCell.swift in Sources */ = {isa = PBXBuildFile; fileRef = 9725479E271CF41B009B59DC /* DictionaryVCollectionViewCell.swift */; };
		972547A1271CF447009B59DC /* DictionaryModel.swift in Sources */ = {isa = PBXBuildFile; fileRef = 972547A0271CF447009B59DC /* DictionaryModel.swift */; };
		972547A3271CF464009B59DC /* Contact.swift in Sources */ = {isa = PBXBuildFile; fileRef = 972547A2271CF464009B59DC /* Contact.swift */; };
		972DD23F271759EE00521785 /* ArrayOperation.swift in Sources */ = {isa = PBXBuildFile; fileRef = 972DD23E271759EE00521785 /* ArrayOperation.swift */; };
		972DD2462718157D00521785 /* CollectionsModel.swift in Sources */ = {isa = PBXBuildFile; fileRef = 972DD2452718157D00521785 /* CollectionsModel.swift */; };
		9749A64B2711F2460049EB77 /* ArrayModel + fetchData.swift in Sources */ = {isa = PBXBuildFile; fileRef = 9749A64A2711F2460049EB77 /* ArrayModel + fetchData.swift */; };
		9749A650271557D60049EB77 /* TableViewDataSource.swift in Sources */ = {isa = PBXBuildFile; fileRef = 9749A64F271557D60049EB77 /* TableViewDataSource.swift */; };
		9749A652271561E30049EB77 /* ArrayVCollectionViewDataSource.swift in Sources */ = {isa = PBXBuildFile; fileRef = 9749A651271561E30049EB77 /* ArrayVCollectionViewDataSource.swift */; };
		9749A6542716C39D0049EB77 /* ArrayViewController + CollectionViewConfiguration.swift in Sources */ = {isa = PBXBuildFile; fileRef = 9749A6532716C39D0049EB77 /* ArrayViewController + CollectionViewConfiguration.swift */; };
		9755C69C271B1F180098999E /* TextFieldsModel.swift in Sources */ = {isa = PBXBuildFile; fileRef = 9755C69B271B1F180098999E /* TextFieldsModel.swift */; };
		9755C69E271B1F1F0098999E /* TextFieldsSettings.swift in Sources */ = {isa = PBXBuildFile; fileRef = 9755C69D271B1F1F0098999E /* TextFieldsSettings.swift */; };
		9755C6A1271B1F710098999E /* TextFieldView + UITextFieldDelegate.swift in Sources */ = {isa = PBXBuildFile; fileRef = 9755C6A0271B1F710098999E /* TextFieldView + UITextFieldDelegate.swift */; };
		9755C6A5271B1FE30098999E /* CustomTextField.swift in Sources */ = {isa = PBXBuildFile; fileRef = 9755C6A4271B1FE30098999E /* CustomTextField.swift */; };
		9755C6A7271B200C0098999E /* TextFieldView.swift in Sources */ = {isa = PBXBuildFile; fileRef = 9755C6A6271B200C0098999E /* TextFieldView.swift */; };
		9755C6A9271B20170098999E /* TextFieldView.xib in Resources */ = {isa = PBXBuildFile; fileRef = 9755C6A8271B20170098999E /* TextFieldView.xib */; };
		9755C6AC271B20AE0098999E /* R.generated.swift in Sources */ = {isa = PBXBuildFile; fileRef = 9755C6AB271B20AE0098999E /* R.generated.swift */; };
		9768A1F2271B1E1E00E3BB6E /* SF-Pro-Display-Bold.otf in Resources */ = {isa = PBXBuildFile; fileRef = 9768A1F1271B1E1E00E3BB6E /* SF-Pro-Display-Bold.otf */; };
		9768A1F4271B1E2700E3BB6E /* SF-Pro-Display-Regular.otf in Resources */ = {isa = PBXBuildFile; fileRef = 9768A1F3271B1E2700E3BB6E /* SF-Pro-Display-Regular.otf */; };
		9778BEB0270C26B600A505ED /* CollectionsVC.swift in Sources */ = {isa = PBXBuildFile; fileRef = 9778BEAF270C26B600A505ED /* CollectionsVC.swift */; };
		9778BEB2270C2DEE00A505ED /* TableViewCell.swift in Sources */ = {isa = PBXBuildFile; fileRef = 9778BEB1270C2DEE00A505ED /* TableViewCell.swift */; };
		9778BEB4270C381900A505ED /* Collection.swift in Sources */ = {isa = PBXBuildFile; fileRef = 9778BEB3270C381900A505ED /* Collection.swift */; };
		9778BEBE270C47EC00A505ED /* CollectionsVC + TableViewConfiguration.swift in Sources */ = {isa = PBXBuildFile; fileRef = 9778BEBD270C47EC00A505ED /* CollectionsVC + TableViewConfiguration.swift */; };
		9778BEC0270C485C00A505ED /* CollectionVC + FetchData.swift in Sources */ = {isa = PBXBuildFile; fileRef = 9778BEBF270C485C00A505ED /* CollectionVC + FetchData.swift */; };
		9778BEC5270C5BDD00A505ED /* ArrayViewController.swift in Sources */ = {isa = PBXBuildFile; fileRef = 9778BEC4270C5BDD00A505ED /* ArrayViewController.swift */; };
		9778BEC7270C5BFB00A505ED /* SetViewController.swift in Sources */ = {isa = PBXBuildFile; fileRef = 9778BEC6270C5BFB00A505ED /* SetViewController.swift */; };
		9778BEC9270C5C0B00A505ED /* DictionaryViewController.swift in Sources */ = {isa = PBXBuildFile; fileRef = 9778BEC8270C5C0B00A505ED /* DictionaryViewController.swift */; };
		9778BECE270D778F00A505ED /* ArrayModel.swift in Sources */ = {isa = PBXBuildFile; fileRef = 9778BECD270D778F00A505ED /* ArrayModel.swift */; };
		977E98DF2710228F00C0073D /* ArrayVCollectionViewCell.swift in Sources */ = {isa = PBXBuildFile; fileRef = 977E98DE2710228F00C0073D /* ArrayVCollectionViewCell.swift */; };
		9798E8B3270AF9F300FEC618 /* AppDelegate.swift in Sources */ = {isa = PBXBuildFile; fileRef = 9798E8B2270AF9F300FEC618 /* AppDelegate.swift */; };
		9798E8B5270AF9F300FEC618 /* SceneDelegate.swift in Sources */ = {isa = PBXBuildFile; fileRef = 9798E8B4270AF9F300FEC618 /* SceneDelegate.swift */; };
		9798E8BC270AF9F400FEC618 /* Assets.xcassets in Resources */ = {isa = PBXBuildFile; fileRef = 9798E8BB270AF9F400FEC618 /* Assets.xcassets */; };
		9798E8BF270AF9F400FEC618 /* LaunchScreen.storyboard in Resources */ = {isa = PBXBuildFile; fileRef = 9798E8BD270AF9F400FEC618 /* LaunchScreen.storyboard */; };
		97E22AA1271A247900F15A16 /* SetViewModel.swift in Sources */ = {isa = PBXBuildFile; fileRef = 97E22AA0271A247900F15A16 /* SetViewModel.swift */; };
/* End PBXBuildFile section */

/* Begin PBXFileReference section */
		130164F985180D30546F8E1B /* Pods-Collections.debug.xcconfig */ = {isa = PBXFileReference; includeInIndex = 1; lastKnownFileType = text.xcconfig; name = "Pods-Collections.debug.xcconfig"; path = "Target Support Files/Pods-Collections/Pods-Collections.debug.xcconfig"; sourceTree = "<group>"; };
		4FC7FB891F6176F9363A97BB /* Pods_Collections.framework */ = {isa = PBXFileReference; explicitFileType = wrapper.framework; includeInIndex = 0; path = Pods_Collections.framework; sourceTree = BUILT_PRODUCTS_DIR; };
		767857B07529518BE7A9E9FC /* Pods-Collections.release.xcconfig */ = {isa = PBXFileReference; includeInIndex = 1; lastKnownFileType = text.xcconfig; name = "Pods-Collections.release.xcconfig"; path = "Target Support Files/Pods-Collections/Pods-Collections.release.xcconfig"; sourceTree = "<group>"; };
		970436A5271951C30027E747 /* ResultLabel.swift */ = {isa = PBXFileReference; lastKnownFileType = sourcecode.swift; path = ResultLabel.swift; sourceTree = "<group>"; };
		97117E0F2718409F001AAEEF /* CustomButton.swift */ = {isa = PBXFileReference; lastKnownFileType = sourcecode.swift; path = CustomButton.swift; sourceTree = "<group>"; };
		97117E12271864A8001AAEEF /* CardButton.swift */ = {isa = PBXFileReference; lastKnownFileType = sourcecode.swift; path = CardButton.swift; sourceTree = "<group>"; };
		97117E1527186A0F001AAEEF /* SetViewController + UIElementsConfiguration.swift */ = {isa = PBXFileReference; lastKnownFileType = sourcecode.swift; path = "SetViewController + UIElementsConfiguration.swift"; sourceTree = "<group>"; };
		97254795271CF37E009B59DC /* String + Extension.swift */ = {isa = PBXFileReference; lastKnownFileType = sourcecode.swift; path = "String + Extension.swift"; sourceTree = "<group>"; };
		97254797271CF39F009B59DC /* DictionaryViewController + Configuration.swift */ = {isa = PBXFileReference; lastKnownFileType = sourcecode.swift; path = "DictionaryViewController + Configuration.swift"; sourceTree = "<group>"; };
		97254799271CF3C5009B59DC /* DictionaryViewController + UICollectionViewDataSource.swift */ = {isa = PBXFileReference; lastKnownFileType = sourcecode.swift; path = "DictionaryViewController + UICollectionViewDataSource.swift"; sourceTree = "<group>"; };
		9725479B271CF3E6009B59DC /* DictionaryModel + fetchData.swift */ = {isa = PBXFileReference; lastKnownFileType = sourcecode.swift; path = "DictionaryModel + fetchData.swift"; sourceTree = "<group>"; };
		9725479E271CF41B009B59DC /* DictionaryVCollectionViewCell.swift */ = {isa = PBXFileReference; lastKnownFileType = sourcecode.swift; path = DictionaryVCollectionViewCell.swift; sourceTree = "<group>"; };
		972547A0271CF447009B59DC /* DictionaryModel.swift */ = {isa = PBXFileReference; lastKnownFileType = sourcecode.swift; path = DictionaryModel.swift; sourceTree = "<group>"; };
		972547A2271CF464009B59DC /* Contact.swift */ = {isa = PBXFileReference; lastKnownFileType = sourcecode.swift; path = Contact.swift; sourceTree = "<group>"; };
		972DD23E271759EE00521785 /* ArrayOperation.swift */ = {isa = PBXFileReference; lastKnownFileType = sourcecode.swift; path = ArrayOperation.swift; sourceTree = "<group>"; };
		972DD2452718157D00521785 /* CollectionsModel.swift */ = {isa = PBXFileReference; lastKnownFileType = sourcecode.swift; path = CollectionsModel.swift; sourceTree = "<group>"; };
		9749A64A2711F2460049EB77 /* ArrayModel + fetchData.swift */ = {isa = PBXFileReference; lastKnownFileType = sourcecode.swift; path = "ArrayModel + fetchData.swift"; sourceTree = "<group>"; };
		9749A64F271557D60049EB77 /* TableViewDataSource.swift */ = {isa = PBXFileReference; lastKnownFileType = sourcecode.swift; path = TableViewDataSource.swift; sourceTree = "<group>"; };
		9749A651271561E30049EB77 /* ArrayVCollectionViewDataSource.swift */ = {isa = PBXFileReference; lastKnownFileType = sourcecode.swift; path = ArrayVCollectionViewDataSource.swift; sourceTree = "<group>"; };
		9749A6532716C39D0049EB77 /* ArrayViewController + CollectionViewConfiguration.swift */ = {isa = PBXFileReference; lastKnownFileType = sourcecode.swift; path = "ArrayViewController + CollectionViewConfiguration.swift"; sourceTree = "<group>"; };
		9755C69B271B1F180098999E /* TextFieldsModel.swift */ = {isa = PBXFileReference; fileEncoding = 4; lastKnownFileType = sourcecode.swift; path = TextFieldsModel.swift; sourceTree = "<group>"; };
		9755C69D271B1F1F0098999E /* TextFieldsSettings.swift */ = {isa = PBXFileReference; fileEncoding = 4; lastKnownFileType = sourcecode.swift; path = TextFieldsSettings.swift; sourceTree = "<group>"; };
		9755C6A0271B1F710098999E /* TextFieldView + UITextFieldDelegate.swift */ = {isa = PBXFileReference; fileEncoding = 4; lastKnownFileType = sourcecode.swift; path = "TextFieldView + UITextFieldDelegate.swift"; sourceTree = "<group>"; };
		9755C6A4271B1FE30098999E /* CustomTextField.swift */ = {isa = PBXFileReference; fileEncoding = 4; lastKnownFileType = sourcecode.swift; path = CustomTextField.swift; sourceTree = "<group>"; };
		9755C6A6271B200C0098999E /* TextFieldView.swift */ = {isa = PBXFileReference; fileEncoding = 4; lastKnownFileType = sourcecode.swift; path = TextFieldView.swift; sourceTree = "<group>"; };
		9755C6A8271B20170098999E /* TextFieldView.xib */ = {isa = PBXFileReference; fileEncoding = 4; lastKnownFileType = file.xib; path = TextFieldView.xib; sourceTree = "<group>"; };
		9755C6AB271B20AE0098999E /* R.generated.swift */ = {isa = PBXFileReference; fileEncoding = 4; lastKnownFileType = sourcecode.swift; path = R.generated.swift; sourceTree = SOURCE_ROOT; };
		9768A1F1271B1E1E00E3BB6E /* SF-Pro-Display-Bold.otf */ = {isa = PBXFileReference; lastKnownFileType = file; name = "SF-Pro-Display-Bold.otf"; path = "../../../../../../Экспортированные шрифты/SF Pro Display/SF-Pro-Display-Bold.otf"; sourceTree = "<group>"; };
		9768A1F3271B1E2700E3BB6E /* SF-Pro-Display-Regular.otf */ = {isa = PBXFileReference; lastKnownFileType = file; name = "SF-Pro-Display-Regular.otf"; path = "../../../../../../Экспортированные шрифты/SF Pro Display/SF-Pro-Display-Regular.otf"; sourceTree = "<group>"; };
		9778BEAF270C26B600A505ED /* CollectionsVC.swift */ = {isa = PBXFileReference; lastKnownFileType = sourcecode.swift; path = CollectionsVC.swift; sourceTree = "<group>"; };
		9778BEB1270C2DEE00A505ED /* TableViewCell.swift */ = {isa = PBXFileReference; lastKnownFileType = sourcecode.swift; path = TableViewCell.swift; sourceTree = "<group>"; };
		9778BEB3270C381900A505ED /* Collection.swift */ = {isa = PBXFileReference; lastKnownFileType = sourcecode.swift; path = Collection.swift; sourceTree = "<group>"; };
		9778BEBD270C47EC00A505ED /* CollectionsVC + TableViewConfiguration.swift */ = {isa = PBXFileReference; lastKnownFileType = sourcecode.swift; path = "CollectionsVC + TableViewConfiguration.swift"; sourceTree = "<group>"; };
		9778BEBF270C485C00A505ED /* CollectionVC + FetchData.swift */ = {isa = PBXFileReference; lastKnownFileType = sourcecode.swift; path = "CollectionVC + FetchData.swift"; sourceTree = "<group>"; };
		9778BEC4270C5BDD00A505ED /* ArrayViewController.swift */ = {isa = PBXFileReference; lastKnownFileType = sourcecode.swift; path = ArrayViewController.swift; sourceTree = "<group>"; };
		9778BEC6270C5BFB00A505ED /* SetViewController.swift */ = {isa = PBXFileReference; lastKnownFileType = sourcecode.swift; path = SetViewController.swift; sourceTree = "<group>"; };
		9778BEC8270C5C0B00A505ED /* DictionaryViewController.swift */ = {isa = PBXFileReference; lastKnownFileType = sourcecode.swift; path = DictionaryViewController.swift; sourceTree = "<group>"; };
		9778BECD270D778F00A505ED /* ArrayModel.swift */ = {isa = PBXFileReference; lastKnownFileType = sourcecode.swift; path = ArrayModel.swift; sourceTree = "<group>"; };
		977E98DE2710228F00C0073D /* ArrayVCollectionViewCell.swift */ = {isa = PBXFileReference; lastKnownFileType = sourcecode.swift; path = ArrayVCollectionViewCell.swift; sourceTree = "<group>"; };
		9798E8AF270AF9F300FEC618 /* Collections.app */ = {isa = PBXFileReference; explicitFileType = wrapper.application; includeInIndex = 0; path = Collections.app; sourceTree = BUILT_PRODUCTS_DIR; };
		9798E8B2270AF9F300FEC618 /* AppDelegate.swift */ = {isa = PBXFileReference; lastKnownFileType = sourcecode.swift; path = AppDelegate.swift; sourceTree = "<group>"; };
		9798E8B4270AF9F300FEC618 /* SceneDelegate.swift */ = {isa = PBXFileReference; lastKnownFileType = sourcecode.swift; path = SceneDelegate.swift; sourceTree = "<group>"; };
		9798E8BB270AF9F400FEC618 /* Assets.xcassets */ = {isa = PBXFileReference; lastKnownFileType = folder.assetcatalog; path = Assets.xcassets; sourceTree = "<group>"; };
		9798E8BE270AF9F400FEC618 /* Base */ = {isa = PBXFileReference; lastKnownFileType = file.storyboard; name = Base; path = Base.lproj/LaunchScreen.storyboard; sourceTree = "<group>"; };
		9798E8C0270AF9F400FEC618 /* Info.plist */ = {isa = PBXFileReference; lastKnownFileType = text.plist.xml; path = Info.plist; sourceTree = "<group>"; };
		97E22AA0271A247900F15A16 /* SetViewModel.swift */ = {isa = PBXFileReference; lastKnownFileType = sourcecode.swift; path = SetViewModel.swift; sourceTree = "<group>"; };
/* End PBXFileReference section */

/* Begin PBXFrameworksBuildPhase section */
		9798E8AC270AF9F300FEC618 /* Frameworks */ = {
			isa = PBXFrameworksBuildPhase;
			buildActionMask = 2147483647;
			files = (
				2A58FDD69F40A2B67BB1CCF4 /* Pods_Collections.framework in Frameworks */,
			);
			runOnlyForDeploymentPostprocessing = 0;
		};
/* End PBXFrameworksBuildPhase section */

/* Begin PBXGroup section */
		5D063002EA2335EC4D8616DC /* Frameworks */ = {
			isa = PBXGroup;
			children = (
				4FC7FB891F6176F9363A97BB /* Pods_Collections.framework */,
			);
			name = Frameworks;
			sourceTree = "<group>";
		};
		7C8529FDC9F85B1133C32940 /* Pods */ = {
			isa = PBXGroup;
			children = (
				130164F985180D30546F8E1B /* Pods-Collections.debug.xcconfig */,
				767857B07529518BE7A9E9FC /* Pods-Collections.release.xcconfig */,
			);
			path = Pods;
			sourceTree = "<group>";
		};
		97117E1127186495001AAEEF /* CustomControls */ = {
			isa = PBXGroup;
			children = (
				97117E12271864A8001AAEEF /* CardButton.swift */,
			);
			path = CustomControls;
			sourceTree = "<group>";
		};
		97117E14271869BF001AAEEF /* SetViewController */ = {
			isa = PBXGroup;
			children = (
				97117E1527186A0F001AAEEF /* SetViewController + UIElementsConfiguration.swift */,
			);
			path = SetViewController;
			sourceTree = "<group>";
		};
		97254790271CF2F7009B59DC /* Models */ = {
			isa = PBXGroup;
			children = (
				972547A0271CF447009B59DC /* DictionaryModel.swift */,
				972547A2271CF464009B59DC /* Contact.swift */,
			);
			path = Models;
			sourceTree = "<group>";
		};
		97254791271CF33B009B59DC /* Views */ = {
			isa = PBXGroup;
			children = (
				9725479D271CF40F009B59DC /* Cell */,
			);
			path = Views;
			sourceTree = "<group>";
		};
		97254792271CF343009B59DC /* Extensions */ = {
			isa = PBXGroup;
			children = (
				97254794271CF364009B59DC /* DictionaryModel */,
				97254793271CF358009B59DC /* DictionaryViewController */,
				97254795271CF37E009B59DC /* String + Extension.swift */,
			);
			path = Extensions;
			sourceTree = "<group>";
		};
		97254793271CF358009B59DC /* DictionaryViewController */ = {
			isa = PBXGroup;
			children = (
				97254797271CF39F009B59DC /* DictionaryViewController + Configuration.swift */,
				97254799271CF3C5009B59DC /* DictionaryViewController + UICollectionViewDataSource.swift */,
			);
			path = DictionaryViewController;
			sourceTree = "<group>";
		};
		97254794271CF364009B59DC /* DictionaryModel */ = {
			isa = PBXGroup;
			children = (
				9725479B271CF3E6009B59DC /* DictionaryModel + fetchData.swift */,
			);
			path = DictionaryModel;
			sourceTree = "<group>";
		};
		9725479D271CF40F009B59DC /* Cell */ = {
			isa = PBXGroup;
			children = (
				9725479E271CF41B009B59DC /* DictionaryVCollectionViewCell.swift */,
			);
			path = Cell;
			sourceTree = "<group>";
		};
		972DD233271758BB00521785 /* MainView */ = {
			isa = PBXGroup;
			children = (
				972DD2382717593200521785 /* Extensions */,
				972DD2372717591000521785 /* DataSource */,
				972DD24027175A2500521785 /* Models */,
				972DD235271758EF00521785 /* Views */,
				972DD234271758D500521785 /* Controller */,
			);
			path = MainView;
			sourceTree = "<group>";
		};
		972DD234271758D500521785 /* Controller */ = {
			isa = PBXGroup;
			children = (
				9778BEAF270C26B600A505ED /* CollectionsVC.swift */,
			);
			path = Controller;
			sourceTree = "<group>";
		};
		972DD235271758EF00521785 /* Views */ = {
			isa = PBXGroup;
			children = (
				972DD236271758FB00521785 /* Cell */,
			);
			path = Views;
			sourceTree = "<group>";
		};
		972DD236271758FB00521785 /* Cell */ = {
			isa = PBXGroup;
			children = (
				9778BEB1270C2DEE00A505ED /* TableViewCell.swift */,
			);
			path = Cell;
			sourceTree = "<group>";
		};
		972DD2372717591000521785 /* DataSource */ = {
			isa = PBXGroup;
			children = (
				9749A64F271557D60049EB77 /* TableViewDataSource.swift */,
			);
			path = DataSource;
			sourceTree = "<group>";
		};
		972DD2382717593200521785 /* Extensions */ = {
			isa = PBXGroup;
			children = (
				9778BEBD270C47EC00A505ED /* CollectionsVC + TableViewConfiguration.swift */,
				9778BEBF270C485C00A505ED /* CollectionVC + FetchData.swift */,
			);
			path = Extensions;
			sourceTree = "<group>";
		};
		972DD2392717597100521785 /* ArrayView */ = {
			isa = PBXGroup;
			children = (
				9778BEBC270C47CD00A505ED /* Extensions */,
				9749A6562716C5DD0049EB77 /* DataSource */,
				972DD23D271759B200521785 /* Models */,
				972DD23B2717599400521785 /* Views */,
				972DD23A2717597D00521785 /* Controller */,
			);
			path = ArrayView;
			sourceTree = "<group>";
		};
		972DD23A2717597D00521785 /* Controller */ = {
			isa = PBXGroup;
			children = (
				9778BEC4270C5BDD00A505ED /* ArrayViewController.swift */,
			);
			path = Controller;
			sourceTree = "<group>";
		};
		972DD23B2717599400521785 /* Views */ = {
			isa = PBXGroup;
			children = (
				972DD23C2717599A00521785 /* Cell */,
			);
			path = Views;
			sourceTree = "<group>";
		};
		972DD23C2717599A00521785 /* Cell */ = {
			isa = PBXGroup;
			children = (
				977E98DE2710228F00C0073D /* ArrayVCollectionViewCell.swift */,
			);
			path = Cell;
			sourceTree = "<group>";
		};
		972DD23D271759B200521785 /* Models */ = {
			isa = PBXGroup;
			children = (
				9778BECD270D778F00A505ED /* ArrayModel.swift */,
				972DD23E271759EE00521785 /* ArrayOperation.swift */,
			);
			path = Models;
			sourceTree = "<group>";
		};
		972DD24027175A2500521785 /* Models */ = {
			isa = PBXGroup;
			children = (
				9778BEB3270C381900A505ED /* Collection.swift */,
				972DD2452718157D00521785 /* CollectionsModel.swift */,
			);
			path = Models;
			sourceTree = "<group>";
		};
		972DD24127175AA000521785 /* SetView */ = {
			isa = PBXGroup;
			children = (
				97117E1127186495001AAEEF /* CustomControls */,
				9783468727182A1B00D86819 /* Extensions */,
				972DD25A2718295100521785 /* Models */,
				972DD24D2718281C00521785 /* Views */,
				972DD24327175ABC00521785 /* Controller */,
			);
			path = SetView;
			sourceTree = "<group>";
		};
		972DD24227175AAC00521785 /* DictionaryView */ = {
			isa = PBXGroup;
			children = (
				97254792271CF343009B59DC /* Extensions */,
				97254791271CF33B009B59DC /* Views */,
				97254790271CF2F7009B59DC /* Models */,
				972DD24427175AC600521785 /* Controller */,
			);
			path = DictionaryView;
			sourceTree = "<group>";
		};
		972DD24327175ABC00521785 /* Controller */ = {
			isa = PBXGroup;
			children = (
				9778BEC6270C5BFB00A505ED /* SetViewController.swift */,
			);
			path = Controller;
			sourceTree = "<group>";
		};
		972DD24427175AC600521785 /* Controller */ = {
			isa = PBXGroup;
			children = (
				9778BEC8270C5C0B00A505ED /* DictionaryViewController.swift */,
			);
			path = Controller;
			sourceTree = "<group>";
		};
		972DD24D2718281C00521785 /* Views */ = {
			isa = PBXGroup;
			children = (
				9755C6A2271B1FA20098999E /* TextFields */,
				97117E0F2718409F001AAEEF /* CustomButton.swift */,
				970436A5271951C30027E747 /* ResultLabel.swift */,
			);
			path = Views;
			sourceTree = "<group>";
		};
		972DD25A2718295100521785 /* Models */ = {
			isa = PBXGroup;
			children = (
				9755C69A271B1EE60098999E /* TextFieldsModel */,
				97E22AA0271A247900F15A16 /* SetViewModel.swift */,
			);
			path = Models;
			sourceTree = "<group>";
		};
		9749A6552716C41B0049EB77 /* ArrayViewController */ = {
			isa = PBXGroup;
			children = (
				9749A6532716C39D0049EB77 /* ArrayViewController + CollectionViewConfiguration.swift */,
			);
			path = ArrayViewController;
			sourceTree = "<group>";
		};
		9749A6562716C5DD0049EB77 /* DataSource */ = {
			isa = PBXGroup;
			children = (
				9749A651271561E30049EB77 /* ArrayVCollectionViewDataSource.swift */,
			);
			path = DataSource;
			sourceTree = "<group>";
		};
		9755C69A271B1EE60098999E /* TextFieldsModel */ = {
			isa = PBXGroup;
			children = (
				9755C69D271B1F1F0098999E /* TextFieldsSettings.swift */,
				9755C69B271B1F180098999E /* TextFieldsModel.swift */,
			);
			path = TextFieldsModel;
			sourceTree = "<group>";
		};
		9755C69F271B1F420098999E /* TextFieldView */ = {
			isa = PBXGroup;
			children = (
				9755C6A0271B1F710098999E /* TextFieldView + UITextFieldDelegate.swift */,
			);
			path = TextFieldView;
			sourceTree = "<group>";
		};
		9755C6A2271B1FA20098999E /* TextFields */ = {
			isa = PBXGroup;
			children = (
				9755C6A4271B1FE30098999E /* CustomTextField.swift */,
				9755C6A3271B1FAB0098999E /* TextFieldsView */,
			);
			path = TextFields;
			sourceTree = "<group>";
		};
		9755C6A3271B1FAB0098999E /* TextFieldsView */ = {
			isa = PBXGroup;
			children = (
				9755C6A8271B20170098999E /* TextFieldView.xib */,
				9755C6A6271B200C0098999E /* TextFieldView.swift */,
			);
			path = TextFieldsView;
			sourceTree = "<group>";
		};
		9755C6AA271B209F0098999E /* Resources */ = {
			isa = PBXGroup;
			children = (
				9755C6AB271B20AE0098999E /* R.generated.swift */,
			);
			path = Resources;
			sourceTree = "<group>";
		};
		9768A1F0271B1DFC00E3BB6E /* Fonts */ = {
			isa = PBXGroup;
			children = (
				9768A1F1271B1E1E00E3BB6E /* SF-Pro-Display-Bold.otf */,
				9768A1F3271B1E2700E3BB6E /* SF-Pro-Display-Regular.otf */,
			);
			path = Fonts;
			sourceTree = "<group>";
		};
		9778BEBC270C47CD00A505ED /* Extensions */ = {
			isa = PBXGroup;
			children = (
				9749A6552716C41B0049EB77 /* ArrayViewController */,
				977E98E22710F84D00C0073D /* ArrayModel */,
			);
			path = Extensions;
			sourceTree = "<group>";
		};
		977E98E22710F84D00C0073D /* ArrayModel */ = {
			isa = PBXGroup;
			children = (
				9749A64A2711F2460049EB77 /* ArrayModel + fetchData.swift */,
			);
			path = ArrayModel;
			sourceTree = "<group>";
		};
		9783468727182A1B00D86819 /* Extensions */ = {
			isa = PBXGroup;
			children = (
				9755C69F271B1F420098999E /* TextFieldView */,
				97117E14271869BF001AAEEF /* SetViewController */,
			);
			path = Extensions;
			sourceTree = "<group>";
		};
		9798E8A6270AF9F200FEC618 = {
			isa = PBXGroup;
			children = (
				9798E8B1270AF9F300FEC618 /* Collections */,
				9798E8B0270AF9F300FEC618 /* Products */,
				7C8529FDC9F85B1133C32940 /* Pods */,
				5D063002EA2335EC4D8616DC /* Frameworks */,
			);
			sourceTree = "<group>";
		};
		9798E8B0270AF9F300FEC618 /* Products */ = {
			isa = PBXGroup;
			children = (
				9798E8AF270AF9F300FEC618 /* Collections.app */,
			);
			name = Products;
			sourceTree = "<group>";
		};
		9798E8B1270AF9F300FEC618 /* Collections */ = {
			isa = PBXGroup;
			children = (
				9755C6AA271B209F0098999E /* Resources */,
				9798E8B2270AF9F300FEC618 /* AppDelegate.swift */,
				9798E8B4270AF9F300FEC618 /* SceneDelegate.swift */,
				972DD233271758BB00521785 /* MainView */,
				972DD2392717597100521785 /* ArrayView */,
				972DD24127175AA000521785 /* SetView */,
				972DD24227175AAC00521785 /* DictionaryView */,
				9768A1F0271B1DFC00E3BB6E /* Fonts */,
				9798E8BB270AF9F400FEC618 /* Assets.xcassets */,
				9798E8BD270AF9F400FEC618 /* LaunchScreen.storyboard */,
				9798E8C0270AF9F400FEC618 /* Info.plist */,
			);
			path = Collections;
			sourceTree = "<group>";
		};
/* End PBXGroup section */

/* Begin PBXNativeTarget section */
		9798E8AE270AF9F300FEC618 /* Collections */ = {
			isa = PBXNativeTarget;
			buildConfigurationList = 9798E8C3270AF9F400FEC618 /* Build configuration list for PBXNativeTarget "Collections" */;
			buildPhases = (
				8E67208E250B870A76D3B2FC /* [CP] Check Pods Manifest.lock */,
				97B17ACA270B049700125DD1 /* SwiftLint */,
				97B17AC6270AFEC000125DD1 /* RSwift */,
				9798E8AB270AF9F300FEC618 /* Sources */,
				9798E8AC270AF9F300FEC618 /* Frameworks */,
				9798E8AD270AF9F300FEC618 /* Resources */,
				AE3BF0F0F861D33544773B1D /* [CP] Embed Pods Frameworks */,
			);
			buildRules = (
			);
			dependencies = (
			);
			name = Collections;
			productName = Collections;
			productReference = 9798E8AF270AF9F300FEC618 /* Collections.app */;
			productType = "com.apple.product-type.application";
		};
/* End PBXNativeTarget section */

/* Begin PBXProject section */
		9798E8A7270AF9F200FEC618 /* Project object */ = {
			isa = PBXProject;
			attributes = {
				BuildIndependentTargetsInParallel = 1;
				LastSwiftUpdateCheck = 1300;
				LastUpgradeCheck = 1300;
				TargetAttributes = {
					9798E8AE270AF9F300FEC618 = {
						CreatedOnToolsVersion = 13.0;
					};
				};
			};
			buildConfigurationList = 9798E8AA270AF9F300FEC618 /* Build configuration list for PBXProject "Collections" */;
			compatibilityVersion = "Xcode 13.0";
			developmentRegion = en;
			hasScannedForEncodings = 0;
			knownRegions = (
				en,
				Base,
			);
			mainGroup = 9798E8A6270AF9F200FEC618;
			productRefGroup = 9798E8B0270AF9F300FEC618 /* Products */;
			projectDirPath = "";
			projectRoot = "";
			targets = (
				9798E8AE270AF9F300FEC618 /* Collections */,
			);
		};
/* End PBXProject section */

/* Begin PBXResourcesBuildPhase section */
		9798E8AD270AF9F300FEC618 /* Resources */ = {
			isa = PBXResourcesBuildPhase;
			buildActionMask = 2147483647;
			files = (
				9755C6A9271B20170098999E /* TextFieldView.xib in Resources */,
				9798E8BF270AF9F400FEC618 /* LaunchScreen.storyboard in Resources */,
				9768A1F2271B1E1E00E3BB6E /* SF-Pro-Display-Bold.otf in Resources */,
				9768A1F4271B1E2700E3BB6E /* SF-Pro-Display-Regular.otf in Resources */,
				9798E8BC270AF9F400FEC618 /* Assets.xcassets in Resources */,
			);
			runOnlyForDeploymentPostprocessing = 0;
		};
/* End PBXResourcesBuildPhase section */

/* Begin PBXShellScriptBuildPhase section */
		8E67208E250B870A76D3B2FC /* [CP] Check Pods Manifest.lock */ = {
			isa = PBXShellScriptBuildPhase;
			buildActionMask = 2147483647;
			files = (
			);
			inputFileListPaths = (
			);
			inputPaths = (
				"${PODS_PODFILE_DIR_PATH}/Podfile.lock",
				"${PODS_ROOT}/Manifest.lock",
			);
			name = "[CP] Check Pods Manifest.lock";
			outputFileListPaths = (
			);
			outputPaths = (
				"$(DERIVED_FILE_DIR)/Pods-Collections-checkManifestLockResult.txt",
			);
			runOnlyForDeploymentPostprocessing = 0;
			shellPath = /bin/sh;
			shellScript = "diff \"${PODS_PODFILE_DIR_PATH}/Podfile.lock\" \"${PODS_ROOT}/Manifest.lock\" > /dev/null\nif [ $? != 0 ] ; then\n    # print error to STDERR\n    echo \"error: The sandbox is not in sync with the Podfile.lock. Run 'pod install' or update your CocoaPods installation.\" >&2\n    exit 1\nfi\n# This output is used by Xcode 'outputs' to avoid re-running this script phase.\necho \"SUCCESS\" > \"${SCRIPT_OUTPUT_FILE_0}\"\n";
			showEnvVarsInLog = 0;
		};
		97B17AC6270AFEC000125DD1 /* RSwift */ = {
			isa = PBXShellScriptBuildPhase;
			buildActionMask = 2147483647;
			files = (
			);
			inputFileListPaths = (
			);
			inputPaths = (
				"$TEMP_DIR/rswift-lastrun",
			);
			name = RSwift;
			outputFileListPaths = (
			);
			outputPaths = (
				$SRCROOT/R.generated.swift,
			);
			runOnlyForDeploymentPostprocessing = 0;
			shellPath = /bin/sh;
			shellScript = "# Type a script or drag a script file from your workspace to insert its path.\n\"$PODS_ROOT/R.swift/rswift\" generate \"$SRCROOT/R.generated.swift\"\n";
		};
		97B17ACA270B049700125DD1 /* SwiftLint */ = {
			isa = PBXShellScriptBuildPhase;
			buildActionMask = 2147483647;
			files = (
			);
			inputFileListPaths = (
			);
			inputPaths = (
			);
			name = SwiftLint;
			outputFileListPaths = (
			);
			outputPaths = (
			);
			runOnlyForDeploymentPostprocessing = 0;
			shellPath = /bin/sh;
			shellScript = "if which swiftlint >/dev/null; then\n  swiftlint\nelse\n  echo \"warning: SwiftLint not installed, download from https://github.com/realm/SwiftLint\"\nfi\n";
		};
		AE3BF0F0F861D33544773B1D /* [CP] Embed Pods Frameworks */ = {
			isa = PBXShellScriptBuildPhase;
			buildActionMask = 2147483647;
			files = (
			);
			inputFileListPaths = (
				"${PODS_ROOT}/Target Support Files/Pods-Collections/Pods-Collections-frameworks-${CONFIGURATION}-input-files.xcfilelist",
			);
			name = "[CP] Embed Pods Frameworks";
			outputFileListPaths = (
				"${PODS_ROOT}/Target Support Files/Pods-Collections/Pods-Collections-frameworks-${CONFIGURATION}-output-files.xcfilelist",
			);
			runOnlyForDeploymentPostprocessing = 0;
			shellPath = /bin/sh;
			shellScript = "\"${PODS_ROOT}/Target Support Files/Pods-Collections/Pods-Collections-frameworks.sh\"\n";
			showEnvVarsInLog = 0;
		};
/* End PBXShellScriptBuildPhase section */

/* Begin PBXSourcesBuildPhase section */
		9798E8AB270AF9F300FEC618 /* Sources */ = {
			isa = PBXSourcesBuildPhase;
			buildActionMask = 2147483647;
			files = (
				972547A3271CF464009B59DC /* Contact.swift in Sources */,
				9755C6A5271B1FE30098999E /* CustomTextField.swift in Sources */,
				972DD2462718157D00521785 /* CollectionsModel.swift in Sources */,
				97254796271CF37E009B59DC /* String + Extension.swift in Sources */,
				9778BEC5270C5BDD00A505ED /* ArrayViewController.swift in Sources */,
				972DD23F271759EE00521785 /* ArrayOperation.swift in Sources */,
				9755C6A7271B200C0098999E /* TextFieldView.swift in Sources */,
				9725479A271CF3C5009B59DC /* DictionaryViewController + UICollectionViewDataSource.swift in Sources */,
				97117E102718409F001AAEEF /* CustomButton.swift in Sources */,
				977E98DF2710228F00C0073D /* ArrayVCollectionViewCell.swift in Sources */,
				9725479F271CF41B009B59DC /* DictionaryVCollectionViewCell.swift in Sources */,
				9755C69C271B1F180098999E /* TextFieldsModel.swift in Sources */,
				9755C69E271B1F1F0098999E /* TextFieldsSettings.swift in Sources */,
				9749A650271557D60049EB77 /* TableViewDataSource.swift in Sources */,
				9798E8B3270AF9F300FEC618 /* AppDelegate.swift in Sources */,
				9798E8B5270AF9F300FEC618 /* SceneDelegate.swift in Sources */,
				9778BEB0270C26B600A505ED /* CollectionsVC.swift in Sources */,
				97254798271CF39F009B59DC /* DictionaryViewController + Configuration.swift in Sources */,
				9778BEBE270C47EC00A505ED /* CollectionsVC + TableViewConfiguration.swift in Sources */,
				97117E1627186A0F001AAEEF /* SetViewController + UIElementsConfiguration.swift in Sources */,
				9778BEB4270C381900A505ED /* Collection.swift in Sources */,
				9749A652271561E30049EB77 /* ArrayVCollectionViewDataSource.swift in Sources */,
				9755C6AC271B20AE0098999E /* R.generated.swift in Sources */,
				9778BEC9270C5C0B00A505ED /* DictionaryViewController.swift in Sources */,
				9778BEC0270C485C00A505ED /* CollectionVC + FetchData.swift in Sources */,
				9755C6A1271B1F710098999E /* TextFieldView + UITextFieldDelegate.swift in Sources */,
				97E22AA1271A247900F15A16 /* SetViewModel.swift in Sources */,
				9749A6542716C39D0049EB77 /* ArrayViewController + CollectionViewConfiguration.swift in Sources */,
				9778BECE270D778F00A505ED /* ArrayModel.swift in Sources */,
				9725479C271CF3E6009B59DC /* DictionaryModel + fetchData.swift in Sources */,
				972547A1271CF447009B59DC /* DictionaryModel.swift in Sources */,
				9749A64B2711F2460049EB77 /* ArrayModel + fetchData.swift in Sources */,
				97117E13271864A8001AAEEF /* CardButton.swift in Sources */,
				9778BEC7270C5BFB00A505ED /* SetViewController.swift in Sources */,
				9778BEB2270C2DEE00A505ED /* TableViewCell.swift in Sources */,
				970436A6271951C30027E747 /* ResultLabel.swift in Sources */,
			);
			runOnlyForDeploymentPostprocessing = 0;
		};
/* End PBXSourcesBuildPhase section */

/* Begin PBXVariantGroup section */
		9798E8BD270AF9F400FEC618 /* LaunchScreen.storyboard */ = {
			isa = PBXVariantGroup;
			children = (
				9798E8BE270AF9F400FEC618 /* Base */,
			);
			name = LaunchScreen.storyboard;
			sourceTree = "<group>";
		};
/* End PBXVariantGroup section */

/* Begin XCBuildConfiguration section */
		9798E8C1270AF9F400FEC618 /* Debug */ = {
			isa = XCBuildConfiguration;
			buildSettings = {
				ALWAYS_SEARCH_USER_PATHS = NO;
				CLANG_ANALYZER_NONNULL = YES;
				CLANG_ANALYZER_NUMBER_OBJECT_CONVERSION = YES_AGGRESSIVE;
				CLANG_CXX_LANGUAGE_STANDARD = "gnu++17";
				CLANG_CXX_LIBRARY = "libc++";
				CLANG_ENABLE_MODULES = YES;
				CLANG_ENABLE_OBJC_ARC = YES;
				CLANG_ENABLE_OBJC_WEAK = YES;
				CLANG_WARN_BLOCK_CAPTURE_AUTORELEASING = YES;
				CLANG_WARN_BOOL_CONVERSION = YES;
				CLANG_WARN_COMMA = YES;
				CLANG_WARN_CONSTANT_CONVERSION = YES;
				CLANG_WARN_DEPRECATED_OBJC_IMPLEMENTATIONS = YES;
				CLANG_WARN_DIRECT_OBJC_ISA_USAGE = YES_ERROR;
				CLANG_WARN_DOCUMENTATION_COMMENTS = YES;
				CLANG_WARN_EMPTY_BODY = YES;
				CLANG_WARN_ENUM_CONVERSION = YES;
				CLANG_WARN_INFINITE_RECURSION = YES;
				CLANG_WARN_INT_CONVERSION = YES;
				CLANG_WARN_NON_LITERAL_NULL_CONVERSION = YES;
				CLANG_WARN_OBJC_IMPLICIT_RETAIN_SELF = YES;
				CLANG_WARN_OBJC_LITERAL_CONVERSION = YES;
				CLANG_WARN_OBJC_ROOT_CLASS = YES_ERROR;
				CLANG_WARN_QUOTED_INCLUDE_IN_FRAMEWORK_HEADER = YES;
				CLANG_WARN_RANGE_LOOP_ANALYSIS = YES;
				CLANG_WARN_STRICT_PROTOTYPES = YES;
				CLANG_WARN_SUSPICIOUS_MOVE = YES;
				CLANG_WARN_UNGUARDED_AVAILABILITY = YES_AGGRESSIVE;
				CLANG_WARN_UNREACHABLE_CODE = YES;
				CLANG_WARN__DUPLICATE_METHOD_MATCH = YES;
				COPY_PHASE_STRIP = NO;
				DEBUG_INFORMATION_FORMAT = dwarf;
				ENABLE_STRICT_OBJC_MSGSEND = YES;
				ENABLE_TESTABILITY = YES;
				GCC_C_LANGUAGE_STANDARD = gnu11;
				GCC_DYNAMIC_NO_PIC = NO;
				GCC_NO_COMMON_BLOCKS = YES;
				GCC_OPTIMIZATION_LEVEL = 0;
				GCC_PREPROCESSOR_DEFINITIONS = (
					"DEBUG=1",
					"$(inherited)",
				);
				GCC_WARN_64_TO_32_BIT_CONVERSION = YES;
				GCC_WARN_ABOUT_RETURN_TYPE = YES_ERROR;
				GCC_WARN_UNDECLARED_SELECTOR = YES;
				GCC_WARN_UNINITIALIZED_AUTOS = YES_AGGRESSIVE;
				GCC_WARN_UNUSED_FUNCTION = YES;
				GCC_WARN_UNUSED_VARIABLE = YES;
				IPHONEOS_DEPLOYMENT_TARGET = 15.0;
				MTL_ENABLE_DEBUG_INFO = INCLUDE_SOURCE;
				MTL_FAST_MATH = YES;
				ONLY_ACTIVE_ARCH = YES;
				SDKROOT = iphoneos;
				SWIFT_ACTIVE_COMPILATION_CONDITIONS = DEBUG;
				SWIFT_OPTIMIZATION_LEVEL = "-Onone";
			};
			name = Debug;
		};
		9798E8C2270AF9F400FEC618 /* Release */ = {
			isa = XCBuildConfiguration;
			buildSettings = {
				ALWAYS_SEARCH_USER_PATHS = NO;
				CLANG_ANALYZER_NONNULL = YES;
				CLANG_ANALYZER_NUMBER_OBJECT_CONVERSION = YES_AGGRESSIVE;
				CLANG_CXX_LANGUAGE_STANDARD = "gnu++17";
				CLANG_CXX_LIBRARY = "libc++";
				CLANG_ENABLE_MODULES = YES;
				CLANG_ENABLE_OBJC_ARC = YES;
				CLANG_ENABLE_OBJC_WEAK = YES;
				CLANG_WARN_BLOCK_CAPTURE_AUTORELEASING = YES;
				CLANG_WARN_BOOL_CONVERSION = YES;
				CLANG_WARN_COMMA = YES;
				CLANG_WARN_CONSTANT_CONVERSION = YES;
				CLANG_WARN_DEPRECATED_OBJC_IMPLEMENTATIONS = YES;
				CLANG_WARN_DIRECT_OBJC_ISA_USAGE = YES_ERROR;
				CLANG_WARN_DOCUMENTATION_COMMENTS = YES;
				CLANG_WARN_EMPTY_BODY = YES;
				CLANG_WARN_ENUM_CONVERSION = YES;
				CLANG_WARN_INFINITE_RECURSION = YES;
				CLANG_WARN_INT_CONVERSION = YES;
				CLANG_WARN_NON_LITERAL_NULL_CONVERSION = YES;
				CLANG_WARN_OBJC_IMPLICIT_RETAIN_SELF = YES;
				CLANG_WARN_OBJC_LITERAL_CONVERSION = YES;
				CLANG_WARN_OBJC_ROOT_CLASS = YES_ERROR;
				CLANG_WARN_QUOTED_INCLUDE_IN_FRAMEWORK_HEADER = YES;
				CLANG_WARN_RANGE_LOOP_ANALYSIS = YES;
				CLANG_WARN_STRICT_PROTOTYPES = YES;
				CLANG_WARN_SUSPICIOUS_MOVE = YES;
				CLANG_WARN_UNGUARDED_AVAILABILITY = YES_AGGRESSIVE;
				CLANG_WARN_UNREACHABLE_CODE = YES;
				CLANG_WARN__DUPLICATE_METHOD_MATCH = YES;
				COPY_PHASE_STRIP = NO;
				DEBUG_INFORMATION_FORMAT = "dwarf-with-dsym";
				ENABLE_NS_ASSERTIONS = NO;
				ENABLE_STRICT_OBJC_MSGSEND = YES;
				GCC_C_LANGUAGE_STANDARD = gnu11;
				GCC_NO_COMMON_BLOCKS = YES;
				GCC_WARN_64_TO_32_BIT_CONVERSION = YES;
				GCC_WARN_ABOUT_RETURN_TYPE = YES_ERROR;
				GCC_WARN_UNDECLARED_SELECTOR = YES;
				GCC_WARN_UNINITIALIZED_AUTOS = YES_AGGRESSIVE;
				GCC_WARN_UNUSED_FUNCTION = YES;
				GCC_WARN_UNUSED_VARIABLE = YES;
				IPHONEOS_DEPLOYMENT_TARGET = 15.0;
				MTL_ENABLE_DEBUG_INFO = NO;
				MTL_FAST_MATH = YES;
				SDKROOT = iphoneos;
				SWIFT_COMPILATION_MODE = wholemodule;
				SWIFT_OPTIMIZATION_LEVEL = "-O";
				VALIDATE_PRODUCT = YES;
			};
			name = Release;
		};
		9798E8C4270AF9F400FEC618 /* Debug */ = {
			isa = XCBuildConfiguration;
			baseConfigurationReference = 130164F985180D30546F8E1B /* Pods-Collections.debug.xcconfig */;
			buildSettings = {
				ASSETCATALOG_COMPILER_APPICON_NAME = AppIcon;
				ASSETCATALOG_COMPILER_GLOBAL_ACCENT_COLOR_NAME = AccentColor;
				CODE_SIGN_STYLE = Automatic;
				CURRENT_PROJECT_VERSION = 1;
				DEVELOPMENT_TEAM = 334HNT23HZ;
				GENERATE_INFOPLIST_FILE = YES;
				INFOPLIST_FILE = Collections/Info.plist;
				INFOPLIST_KEY_UIApplicationSupportsIndirectInputEvents = YES;
				INFOPLIST_KEY_UILaunchStoryboardName = LaunchScreen;
				INFOPLIST_KEY_UISupportedInterfaceOrientations_iPad = "UIInterfaceOrientationPortrait UIInterfaceOrientationPortraitUpsideDown UIInterfaceOrientationLandscapeLeft UIInterfaceOrientationLandscapeRight";
				INFOPLIST_KEY_UISupportedInterfaceOrientations_iPhone = "UIInterfaceOrientationPortrait UIInterfaceOrientationLandscapeLeft UIInterfaceOrientationLandscapeRight";
				LD_RUNPATH_SEARCH_PATHS = (
					"$(inherited)",
					"@executable_path/Frameworks",
				);
				MARKETING_VERSION = 1.0;
				PRODUCT_BUNDLE_IDENTIFIER = com.jevgenijsjefrosinins.Collections;
				PRODUCT_NAME = "$(TARGET_NAME)";
				SWIFT_EMIT_LOC_STRINGS = YES;
				SWIFT_VERSION = 5.0;
				TARGETED_DEVICE_FAMILY = "1,2";
			};
			name = Debug;
		};
		9798E8C5270AF9F400FEC618 /* Release */ = {
			isa = XCBuildConfiguration;
			baseConfigurationReference = 767857B07529518BE7A9E9FC /* Pods-Collections.release.xcconfig */;
			buildSettings = {
				ASSETCATALOG_COMPILER_APPICON_NAME = AppIcon;
				ASSETCATALOG_COMPILER_GLOBAL_ACCENT_COLOR_NAME = AccentColor;
				CODE_SIGN_STYLE = Automatic;
				CURRENT_PROJECT_VERSION = 1;
				DEVELOPMENT_TEAM = 334HNT23HZ;
				GENERATE_INFOPLIST_FILE = YES;
				INFOPLIST_FILE = Collections/Info.plist;
				INFOPLIST_KEY_UIApplicationSupportsIndirectInputEvents = YES;
				INFOPLIST_KEY_UILaunchStoryboardName = LaunchScreen;
				INFOPLIST_KEY_UISupportedInterfaceOrientations_iPad = "UIInterfaceOrientationPortrait UIInterfaceOrientationPortraitUpsideDown UIInterfaceOrientationLandscapeLeft UIInterfaceOrientationLandscapeRight";
				INFOPLIST_KEY_UISupportedInterfaceOrientations_iPhone = "UIInterfaceOrientationPortrait UIInterfaceOrientationLandscapeLeft UIInterfaceOrientationLandscapeRight";
				LD_RUNPATH_SEARCH_PATHS = (
					"$(inherited)",
					"@executable_path/Frameworks",
				);
				MARKETING_VERSION = 1.0;
				PRODUCT_BUNDLE_IDENTIFIER = com.jevgenijsjefrosinins.Collections;
				PRODUCT_NAME = "$(TARGET_NAME)";
				SWIFT_EMIT_LOC_STRINGS = YES;
				SWIFT_VERSION = 5.0;
				TARGETED_DEVICE_FAMILY = "1,2";
			};
			name = Release;
		};
/* End XCBuildConfiguration section */

/* Begin XCConfigurationList section */
		9798E8AA270AF9F300FEC618 /* Build configuration list for PBXProject "Collections" */ = {
			isa = XCConfigurationList;
			buildConfigurations = (
				9798E8C1270AF9F400FEC618 /* Debug */,
				9798E8C2270AF9F400FEC618 /* Release */,
			);
			defaultConfigurationIsVisible = 0;
			defaultConfigurationName = Release;
		};
		9798E8C3270AF9F400FEC618 /* Build configuration list for PBXNativeTarget "Collections" */ = {
			isa = XCConfigurationList;
			buildConfigurations = (
				9798E8C4270AF9F400FEC618 /* Debug */,
				9798E8C5270AF9F400FEC618 /* Release */,
			);
			defaultConfigurationIsVisible = 0;
			defaultConfigurationName = Release;
		};
/* End XCConfigurationList section */
	};
	rootObject = 9798E8A7270AF9F200FEC618 /* Project object */;
}
